// !$*UTF8*$!
{
	archiveVersion = 1;
	classes = {
	};
	objectVersion = 52;
	objects = {

/* Begin PBXBuildFile section */
		A37A72D423F81DE800DD6C16 /* NavigationViewController.swift in Sources */ = {isa = PBXBuildFile; fileRef = A37A72D323F81DE800DD6C16 /* NavigationViewController.swift */; };
		A37EAC2523FDAFEC00FF0F7C /* Produto.swift in Sources */ = {isa = PBXBuildFile; fileRef = A37EAC2423FDAFEC00FF0F7C /* Produto.swift */; };
		A37EAC2723FDB03800FF0F7C /* JSONSchemaSupport.swift in Sources */ = {isa = PBXBuildFile; fileRef = A37EAC2623FDB03800FF0F7C /* JSONSchemaSupport.swift */; };
		A37EAC2923FDB0CC00FF0F7C /* Empresa.swift in Sources */ = {isa = PBXBuildFile; fileRef = A37EAC2823FDB0CC00FF0F7C /* Empresa.swift */; };
		A37EAC2B23FDB14A00FF0F7C /* Categoria.swift in Sources */ = {isa = PBXBuildFile; fileRef = A37EAC2A23FDB14A00FF0F7C /* Categoria.swift */; };
		A37EAC2D23FDB6C000FF0F7C /* API.swift in Sources */ = {isa = PBXBuildFile; fileRef = A37EAC2C23FDB6C000FF0F7C /* API.swift */; };
		A37EAC2F23FF0DE500FF0F7C /* MainResultsTableController.swift in Sources */ = {isa = PBXBuildFile; fileRef = A37EAC2E23FF0DE500FF0F7C /* MainResultsTableController.swift */; };
		A390986323FD7E0C0068E997 /* AlamofireImage in Frameworks */ = {isa = PBXBuildFile; productRef = A390986223FD7E0C0068E997 /* AlamofireImage */; };
		A39098A923FDA8010068E997 /* Spring in Frameworks */ = {isa = PBXBuildFile; productRef = A39098A823FDA8010068E997 /* Spring */; };
		A3D07C7123F33E27000EFED7 /* AppDelegate.swift in Sources */ = {isa = PBXBuildFile; fileRef = A3D07C7023F33E27000EFED7 /* AppDelegate.swift */; };
		A3D07C7323F33E27000EFED7 /* SceneDelegate.swift in Sources */ = {isa = PBXBuildFile; fileRef = A3D07C7223F33E27000EFED7 /* SceneDelegate.swift */; };
		A3D07C7823F33E27000EFED7 /* Main.storyboard in Resources */ = {isa = PBXBuildFile; fileRef = A3D07C7623F33E27000EFED7 /* Main.storyboard */; };
		A3D07C7A23F33E2C000EFED7 /* Assets.xcassets in Resources */ = {isa = PBXBuildFile; fileRef = A3D07C7923F33E2C000EFED7 /* Assets.xcassets */; };
		A3D07C7D23F33E2C000EFED7 /* LaunchScreen.storyboard in Resources */ = {isa = PBXBuildFile; fileRef = A3D07C7B23F33E2C000EFED7 /* LaunchScreen.storyboard */; };
		A3D07C8623F4CD0F000EFED7 /* Alamofire in Frameworks */ = {isa = PBXBuildFile; productRef = A3D07C8523F4CD0F000EFED7 /* Alamofire */; };
		A3D07C8823F5B54E000EFED7 /* SearchTableViewController.swift in Sources */ = {isa = PBXBuildFile; fileRef = A3D07C8723F5B54E000EFED7 /* SearchTableViewController.swift */; };
		A3D07C8D23F6D76C000EFED7 /* CustomView.swift in Sources */ = {isa = PBXBuildFile; fileRef = A3D07C8A23F6D76C000EFED7 /* CustomView.swift */; };
		A3D07C8E23F6D76C000EFED7 /* AvatarView.swift in Sources */ = {isa = PBXBuildFile; fileRef = A3D07C8C23F6D76C000EFED7 /* AvatarView.swift */; };
		A3D07C8F23F6D76C000EFED7 /* GradientButton.swift in Sources */ = {isa = PBXBuildFile; fileRef = A3D07C8B23F6D76C000EFED7 /* GradientButton.swift */; };
		A3D07CAB23F6D9BD000EFED7 /* GradientPoint.swift in Sources */ = {isa = PBXBuildFile; fileRef = A3D07CAA23F6D9BC000EFED7 /* GradientPoint.swift */; };
		A3E924A323FB021100AD4149 /* MainCollectionViewController.swift in Sources */ = {isa = PBXBuildFile; fileRef = A3E924A223FB021100AD4149 /* MainCollectionViewController.swift */; };
		A3E924A523FB28F500AD4149 /* ProdutoCollectionViewCell.swift in Sources */ = {isa = PBXBuildFile; fileRef = A3E924A423FB28F500AD4149 /* ProdutoCollectionViewCell.swift */; };
/* End PBXBuildFile section */

/* Begin PBXFileReference section */
		A37A72D323F81DE800DD6C16 /* NavigationViewController.swift */ = {isa = PBXFileReference; lastKnownFileType = sourcecode.swift; path = NavigationViewController.swift; sourceTree = "<group>"; };
		A37EAC2423FDAFEC00FF0F7C /* Produto.swift */ = {isa = PBXFileReference; lastKnownFileType = sourcecode.swift; path = Produto.swift; sourceTree = "<group>"; };
		A37EAC2623FDB03800FF0F7C /* JSONSchemaSupport.swift */ = {isa = PBXFileReference; lastKnownFileType = sourcecode.swift; path = JSONSchemaSupport.swift; sourceTree = "<group>"; };
		A37EAC2823FDB0CC00FF0F7C /* Empresa.swift */ = {isa = PBXFileReference; lastKnownFileType = sourcecode.swift; path = Empresa.swift; sourceTree = "<group>"; };
		A37EAC2A23FDB14A00FF0F7C /* Categoria.swift */ = {isa = PBXFileReference; lastKnownFileType = sourcecode.swift; path = Categoria.swift; sourceTree = "<group>"; };
		A37EAC2C23FDB6C000FF0F7C /* API.swift */ = {isa = PBXFileReference; lastKnownFileType = sourcecode.swift; path = API.swift; sourceTree = "<group>"; };
		A37EAC2E23FF0DE500FF0F7C /* MainResultsTableController.swift */ = {isa = PBXFileReference; lastKnownFileType = sourcecode.swift; path = MainResultsTableController.swift; sourceTree = "<group>"; };
		A3D07C6D23F33E27000EFED7 /* AcheAQi.app */ = {isa = PBXFileReference; explicitFileType = wrapper.application; includeInIndex = 0; path = AcheAQi.app; sourceTree = BUILT_PRODUCTS_DIR; };
		A3D07C7023F33E27000EFED7 /* AppDelegate.swift */ = {isa = PBXFileReference; lastKnownFileType = sourcecode.swift; path = AppDelegate.swift; sourceTree = "<group>"; };
		A3D07C7223F33E27000EFED7 /* SceneDelegate.swift */ = {isa = PBXFileReference; lastKnownFileType = sourcecode.swift; path = SceneDelegate.swift; sourceTree = "<group>"; };
		A3D07C7723F33E27000EFED7 /* Base */ = {isa = PBXFileReference; lastKnownFileType = file.storyboard; name = Base; path = Base.lproj/Main.storyboard; sourceTree = "<group>"; };
		A3D07C7923F33E2C000EFED7 /* Assets.xcassets */ = {isa = PBXFileReference; lastKnownFileType = folder.assetcatalog; path = Assets.xcassets; sourceTree = "<group>"; };
		A3D07C7C23F33E2C000EFED7 /* Base */ = {isa = PBXFileReference; lastKnownFileType = file.storyboard; name = Base; path = Base.lproj/LaunchScreen.storyboard; sourceTree = "<group>"; };
		A3D07C7E23F33E2C000EFED7 /* Info.plist */ = {isa = PBXFileReference; lastKnownFileType = text.plist.xml; path = Info.plist; sourceTree = "<group>"; };
		A3D07C8723F5B54E000EFED7 /* SearchTableViewController.swift */ = {isa = PBXFileReference; lastKnownFileType = sourcecode.swift; path = SearchTableViewController.swift; sourceTree = "<group>"; };
		A3D07C8A23F6D76C000EFED7 /* CustomView.swift */ = {isa = PBXFileReference; lastKnownFileType = sourcecode.swift; path = CustomView.swift; sourceTree = "<group>"; };
		A3D07C8B23F6D76C000EFED7 /* GradientButton.swift */ = {isa = PBXFileReference; lastKnownFileType = sourcecode.swift; path = GradientButton.swift; sourceTree = "<group>"; };
		A3D07C8C23F6D76C000EFED7 /* AvatarView.swift */ = {isa = PBXFileReference; lastKnownFileType = sourcecode.swift; path = AvatarView.swift; sourceTree = "<group>"; };
		A3D07C9223F6D94A000EFED7 /* String+CpfCnpj.swift */ = {isa = PBXFileReference; lastKnownFileType = sourcecode.swift; path = "String+CpfCnpj.swift"; sourceTree = "<group>"; };
		A3D07C9323F6D94A000EFED7 /* UIDeviceExtension.swift */ = {isa = PBXFileReference; lastKnownFileType = sourcecode.swift; path = UIDeviceExtension.swift; sourceTree = "<group>"; };
		A3D07C9423F6D94A000EFED7 /* DictionaryExtension.swift */ = {isa = PBXFileReference; lastKnownFileType = sourcecode.swift; path = DictionaryExtension.swift; sourceTree = "<group>"; };
		A3D07C9523F6D94B000EFED7 /* String+Nickname.swift */ = {isa = PBXFileReference; lastKnownFileType = sourcecode.swift; path = "String+Nickname.swift"; sourceTree = "<group>"; };
		A3D07C9623F6D94B000EFED7 /* UIImage+Convenience.swift */ = {isa = PBXFileReference; lastKnownFileType = sourcecode.swift; path = "UIImage+Convenience.swift"; sourceTree = "<group>"; };
		A3D07C9723F6D94B000EFED7 /* UIPickerExtension.swift */ = {isa = PBXFileReference; lastKnownFileType = sourcecode.swift; path = UIPickerExtension.swift; sourceTree = "<group>"; };
		A3D07C9823F6D94B000EFED7 /* Array+Convenience.swift */ = {isa = PBXFileReference; lastKnownFileType = sourcecode.swift; path = "Array+Convenience.swift"; sourceTree = "<group>"; };
		A3D07C9923F6D94B000EFED7 /* NSObjectExtension.swift */ = {isa = PBXFileReference; lastKnownFileType = sourcecode.swift; path = NSObjectExtension.swift; sourceTree = "<group>"; };
		A3D07C9A23F6D94B000EFED7 /* UITableViewExtension.swift */ = {isa = PBXFileReference; lastKnownFileType = sourcecode.swift; path = UITableViewExtension.swift; sourceTree = "<group>"; };
		A3D07C9B23F6D94B000EFED7 /* UIView+Xib.swift */ = {isa = PBXFileReference; lastKnownFileType = sourcecode.swift; path = "UIView+Xib.swift"; sourceTree = "<group>"; };
		A3D07C9C23F6D94C000EFED7 /* String+Validator.swift */ = {isa = PBXFileReference; lastKnownFileType = sourcecode.swift; path = "String+Validator.swift"; sourceTree = "<group>"; };
		A3D07C9D23F6D94C000EFED7 /* String+QRBarCode.swift */ = {isa = PBXFileReference; lastKnownFileType = sourcecode.swift; path = "String+QRBarCode.swift"; sourceTree = "<group>"; };
		A3D07C9E23F6D94C000EFED7 /* StringExtension.swift */ = {isa = PBXFileReference; lastKnownFileType = sourcecode.swift; path = StringExtension.swift; sourceTree = "<group>"; };
		A3D07C9F23F6D94C000EFED7 /* URL+WS.swift */ = {isa = PBXFileReference; lastKnownFileType = sourcecode.swift; path = "URL+WS.swift"; sourceTree = "<group>"; };
		A3D07CA023F6D94C000EFED7 /* Sequence+Convenience.swift */ = {isa = PBXFileReference; lastKnownFileType = sourcecode.swift; path = "Sequence+Convenience.swift"; sourceTree = "<group>"; };
		A3D07CA123F6D94C000EFED7 /* DateExtension.swift */ = {isa = PBXFileReference; lastKnownFileType = sourcecode.swift; path = DateExtension.swift; sourceTree = "<group>"; };
		A3D07CA223F6D94C000EFED7 /* UITapGestureRecognizer+Label.swift */ = {isa = PBXFileReference; lastKnownFileType = sourcecode.swift; path = "UITapGestureRecognizer+Label.swift"; sourceTree = "<group>"; };
		A3D07CA323F6D94D000EFED7 /* NSNotification+Convenience.swift */ = {isa = PBXFileReference; lastKnownFileType = sourcecode.swift; path = "NSNotification+Convenience.swift"; sourceTree = "<group>"; };
		A3D07CA423F6D94D000EFED7 /* FloatExtension.swift */ = {isa = PBXFileReference; lastKnownFileType = sourcecode.swift; path = FloatExtension.swift; sourceTree = "<group>"; };
		A3D07CA523F6D94D000EFED7 /* UIColorExtension.swift */ = {isa = PBXFileReference; lastKnownFileType = sourcecode.swift; path = UIColorExtension.swift; sourceTree = "<group>"; };
		A3D07CA623F6D94D000EFED7 /* DataResponse+WS.swift */ = {isa = PBXFileReference; lastKnownFileType = sourcecode.swift; path = "DataResponse+WS.swift"; sourceTree = "<group>"; };
		A3D07CA723F6D94D000EFED7 /* UICollectionViewCell+Animations.swift */ = {isa = PBXFileReference; lastKnownFileType = sourcecode.swift; path = "UICollectionViewCell+Animations.swift"; sourceTree = "<group>"; };
		A3D07CA823F6D94D000EFED7 /* UIView+Shadow.swift */ = {isa = PBXFileReference; lastKnownFileType = sourcecode.swift; path = "UIView+Shadow.swift"; sourceTree = "<group>"; };
		A3D07CA923F6D94E000EFED7 /* Date+Formatter.swift */ = {isa = PBXFileReference; lastKnownFileType = sourcecode.swift; path = "Date+Formatter.swift"; sourceTree = "<group>"; };
		A3D07CAA23F6D9BC000EFED7 /* GradientPoint.swift */ = {isa = PBXFileReference; lastKnownFileType = sourcecode.swift; path = GradientPoint.swift; sourceTree = "<group>"; };
		A3E924A223FB021100AD4149 /* MainCollectionViewController.swift */ = {isa = PBXFileReference; lastKnownFileType = sourcecode.swift; path = MainCollectionViewController.swift; sourceTree = "<group>"; };
		A3E924A423FB28F500AD4149 /* ProdutoCollectionViewCell.swift */ = {isa = PBXFileReference; lastKnownFileType = sourcecode.swift; path = ProdutoCollectionViewCell.swift; sourceTree = "<group>"; };
/* End PBXFileReference section */

/* Begin PBXFrameworksBuildPhase section */
		A3D07C6A23F33E27000EFED7 /* Frameworks */ = {
			isa = PBXFrameworksBuildPhase;
			buildActionMask = 2147483647;
			files = (
				A3D07C8623F4CD0F000EFED7 /* Alamofire in Frameworks */,
				A390986323FD7E0C0068E997 /* AlamofireImage in Frameworks */,
				A39098A923FDA8010068E997 /* Spring in Frameworks */,
			);
			runOnlyForDeploymentPostprocessing = 0;
		};
/* End PBXFrameworksBuildPhase section */

/* Begin PBXGroup section */
		A3D07C6423F33E26000EFED7 = {
			isa = PBXGroup;
			children = (
				A3D07C6F23F33E27000EFED7 /* AcheAQi */,
				A3D07C6E23F33E27000EFED7 /* Products */,
			);
			sourceTree = "<group>";
		};
		A3D07C6E23F33E27000EFED7 /* Products */ = {
			isa = PBXGroup;
			children = (
				A3D07C6D23F33E27000EFED7 /* AcheAQi.app */,
			);
			name = Products;
			sourceTree = "<group>";
		};
		A3D07C6F23F33E27000EFED7 /* AcheAQi */ = {
			isa = PBXGroup;
			children = (
				A3D07C7023F33E27000EFED7 /* AppDelegate.swift */,
				A3D07C7223F33E27000EFED7 /* SceneDelegate.swift */,
				A3D07C7623F33E27000EFED7 /* Main.storyboard */,
				A3D07C8923F6D74C000EFED7 /* Controllers */,
				A3D07C9023F6D77E000EFED7 /* Views */,
				A3D07C9123F6D92F000EFED7 /* Extensions */,
				A3E924A823FB293700AD4149 /* Models */,
				A3E924A723FB290C00AD4149 /* Supporting Files */,
			);
			path = AcheAQi;
			sourceTree = "<group>";
		};
		A3D07C8923F6D74C000EFED7 /* Controllers */ = {
			isa = PBXGroup;
			children = (
				A3D07C8723F5B54E000EFED7 /* SearchTableViewController.swift */,
				A37A72D323F81DE800DD6C16 /* NavigationViewController.swift */,
				A3E924A623FB28FC00AD4149 /* Main */,
			);
			path = Controllers;
			sourceTree = "<group>";
		};
		A3D07C9023F6D77E000EFED7 /* Views */ = {
			isa = PBXGroup;
			children = (
				A3D07C8C23F6D76C000EFED7 /* AvatarView.swift */,
				A3D07C8A23F6D76C000EFED7 /* CustomView.swift */,
				A3D07C8B23F6D76C000EFED7 /* GradientButton.swift */,
			);
			path = Views;
			sourceTree = "<group>";
		};
		A3D07C9123F6D92F000EFED7 /* Extensions */ = {
			isa = PBXGroup;
			children = (
				A3D07C9823F6D94B000EFED7 /* Array+Convenience.swift */,
				A3D07CA623F6D94D000EFED7 /* DataResponse+WS.swift */,
				A3D07CA923F6D94E000EFED7 /* Date+Formatter.swift */,
				A3D07CA123F6D94C000EFED7 /* DateExtension.swift */,
				A3D07C9423F6D94A000EFED7 /* DictionaryExtension.swift */,
				A3D07CA423F6D94D000EFED7 /* FloatExtension.swift */,
				A3D07CA323F6D94D000EFED7 /* NSNotification+Convenience.swift */,
				A3D07C9923F6D94B000EFED7 /* NSObjectExtension.swift */,
				A3D07CA023F6D94C000EFED7 /* Sequence+Convenience.swift */,
				A3D07C9223F6D94A000EFED7 /* String+CpfCnpj.swift */,
				A3D07C9523F6D94B000EFED7 /* String+Nickname.swift */,
				A3D07C9D23F6D94C000EFED7 /* String+QRBarCode.swift */,
				A3D07C9C23F6D94C000EFED7 /* String+Validator.swift */,
				A3D07C9E23F6D94C000EFED7 /* StringExtension.swift */,
				A3D07CA723F6D94D000EFED7 /* UICollectionViewCell+Animations.swift */,
				A3D07CA523F6D94D000EFED7 /* UIColorExtension.swift */,
				A3D07C9323F6D94A000EFED7 /* UIDeviceExtension.swift */,
				A3D07C9623F6D94B000EFED7 /* UIImage+Convenience.swift */,
				A3D07C9723F6D94B000EFED7 /* UIPickerExtension.swift */,
				A3D07C9A23F6D94B000EFED7 /* UITableViewExtension.swift */,
				A3D07CA223F6D94C000EFED7 /* UITapGestureRecognizer+Label.swift */,
				A3D07CA823F6D94D000EFED7 /* UIView+Shadow.swift */,
				A3D07C9B23F6D94B000EFED7 /* UIView+Xib.swift */,
				A3D07C9F23F6D94C000EFED7 /* URL+WS.swift */,
			);
			path = Extensions;
			sourceTree = "<group>";
		};
		A3E924A623FB28FC00AD4149 /* Main */ = {
			isa = PBXGroup;
			children = (
				A3E924A223FB021100AD4149 /* MainCollectionViewController.swift */,
				A3E924A423FB28F500AD4149 /* ProdutoCollectionViewCell.swift */,
				A37EAC2E23FF0DE500FF0F7C /* MainResultsTableController.swift */,
			);
			path = Main;
			sourceTree = "<group>";
		};
		A3E924A723FB290C00AD4149 /* Supporting Files */ = {
			isa = PBXGroup;
			children = (
				A3D07C7923F33E2C000EFED7 /* Assets.xcassets */,
				A3D07C7B23F33E2C000EFED7 /* LaunchScreen.storyboard */,
				A3D07C7E23F33E2C000EFED7 /* Info.plist */,
			);
			path = "Supporting Files";
			sourceTree = "<group>";
		};
		A3E924A823FB293700AD4149 /* Models */ = {
			isa = PBXGroup;
			children = (
				A3D07CAA23F6D9BC000EFED7 /* GradientPoint.swift */,
				A37EAC2423FDAFEC00FF0F7C /* Produto.swift */,
				A37EAC2623FDB03800FF0F7C /* JSONSchemaSupport.swift */,
				A37EAC2823FDB0CC00FF0F7C /* Empresa.swift */,
				A37EAC2A23FDB14A00FF0F7C /* Categoria.swift */,
				A37EAC2C23FDB6C000FF0F7C /* API.swift */,
			);
			path = Models;
			sourceTree = "<group>";
		};
/* End PBXGroup section */

/* Begin PBXNativeTarget section */
		A3D07C6C23F33E27000EFED7 /* AcheAQi */ = {
			isa = PBXNativeTarget;
			buildConfigurationList = A3D07C8123F33E2C000EFED7 /* Build configuration list for PBXNativeTarget "AcheAQi" */;
			buildPhases = (
				A3D07C6923F33E27000EFED7 /* Sources */,
				A3D07C6A23F33E27000EFED7 /* Frameworks */,
				A3D07C6B23F33E27000EFED7 /* Resources */,
			);
			buildRules = (
			);
			dependencies = (
			);
			name = AcheAQi;
			packageProductDependencies = (
				A3D07C8523F4CD0F000EFED7 /* Alamofire */,
				A390986223FD7E0C0068E997 /* AlamofireImage */,
				A39098A823FDA8010068E997 /* Spring */,
			);
			productName = AcheAQi;
			productReference = A3D07C6D23F33E27000EFED7 /* AcheAQi.app */;
			productType = "com.apple.product-type.application";
		};
/* End PBXNativeTarget section */

/* Begin PBXProject section */
		A3D07C6523F33E26000EFED7 /* Project object */ = {
			isa = PBXProject;
			attributes = {
				LastSwiftUpdateCheck = 1120;
				LastUpgradeCheck = 1120;
				ORGANIZATIONNAME = "Logics Software";
				TargetAttributes = {
					A3D07C6C23F33E27000EFED7 = {
						CreatedOnToolsVersion = 11.2.1;
					};
				};
			};
			buildConfigurationList = A3D07C6823F33E26000EFED7 /* Build configuration list for PBXProject "AcheAQi" */;
			compatibilityVersion = "Xcode 9.3";
			developmentRegion = en;
			hasScannedForEncodings = 0;
			knownRegions = (
				en,
				Base,
			);
			mainGroup = A3D07C6423F33E26000EFED7;
			packageReferences = (
				A3D07C8423F4CD0E000EFED7 /* XCRemoteSwiftPackageReference "Alamofire" */,
				A390986123FD7E0C0068E997 /* XCRemoteSwiftPackageReference "AlamofireImage" */,
				A39098A723FDA8010068E997 /* XCRemoteSwiftPackageReference "Spring" */,
			);
			productRefGroup = A3D07C6E23F33E27000EFED7 /* Products */;
			projectDirPath = "";
			projectRoot = "";
			targets = (
				A3D07C6C23F33E27000EFED7 /* AcheAQi */,
			);
		};
/* End PBXProject section */

/* Begin PBXResourcesBuildPhase section */
		A3D07C6B23F33E27000EFED7 /* Resources */ = {
			isa = PBXResourcesBuildPhase;
			buildActionMask = 2147483647;
			files = (
				A3D07C7D23F33E2C000EFED7 /* LaunchScreen.storyboard in Resources */,
				A3D07C7A23F33E2C000EFED7 /* Assets.xcassets in Resources */,
				A3D07C7823F33E27000EFED7 /* Main.storyboard in Resources */,
			);
			runOnlyForDeploymentPostprocessing = 0;
		};
/* End PBXResourcesBuildPhase section */

/* Begin PBXSourcesBuildPhase section */
		A3D07C6923F33E27000EFED7 /* Sources */ = {
			isa = PBXSourcesBuildPhase;
			buildActionMask = 2147483647;
			files = (
				A3D07C8F23F6D76C000EFED7 /* GradientButton.swift in Sources */,
				A3D07C8D23F6D76C000EFED7 /* CustomView.swift in Sources */,
				A3D07C8E23F6D76C000EFED7 /* AvatarView.swift in Sources */,
				A37A72D423F81DE800DD6C16 /* NavigationViewController.swift in Sources */,
				A37EAC2D23FDB6C000FF0F7C /* API.swift in Sources */,
				A3E924A323FB021100AD4149 /* MainCollectionViewController.swift in Sources */,
				A3D07C7123F33E27000EFED7 /* AppDelegate.swift in Sources */,
				A37EAC2723FDB03800FF0F7C /* JSONSchemaSupport.swift in Sources */,
				A3E924A523FB28F500AD4149 /* ProdutoCollectionViewCell.swift in Sources */,
				A37EAC2523FDAFEC00FF0F7C /* Produto.swift in Sources */,
				A37EAC2B23FDB14A00FF0F7C /* Categoria.swift in Sources */,
				A37EAC2923FDB0CC00FF0F7C /* Empresa.swift in Sources */,
				A37EAC2F23FF0DE500FF0F7C /* MainResultsTableController.swift in Sources */,
				A3D07C7323F33E27000EFED7 /* SceneDelegate.swift in Sources */,
				A3D07CAB23F6D9BD000EFED7 /* GradientPoint.swift in Sources */,
				A3D07C8823F5B54E000EFED7 /* SearchTableViewController.swift in Sources */,
			);
			runOnlyForDeploymentPostprocessing = 0;
		};
/* End PBXSourcesBuildPhase section */

/* Begin PBXVariantGroup section */
		A3D07C7623F33E27000EFED7 /* Main.storyboard */ = {
			isa = PBXVariantGroup;
			children = (
				A3D07C7723F33E27000EFED7 /* Base */,
			);
			name = Main.storyboard;
			sourceTree = "<group>";
		};
		A3D07C7B23F33E2C000EFED7 /* LaunchScreen.storyboard */ = {
			isa = PBXVariantGroup;
			children = (
				A3D07C7C23F33E2C000EFED7 /* Base */,
			);
			name = LaunchScreen.storyboard;
			sourceTree = "<group>";
		};
/* End PBXVariantGroup section */

/* Begin XCBuildConfiguration section */
		A3D07C7F23F33E2C000EFED7 /* Debug */ = {
			isa = XCBuildConfiguration;
			buildSettings = {
				ALWAYS_SEARCH_USER_PATHS = NO;
				CLANG_ANALYZER_NONNULL = YES;
				CLANG_ANALYZER_NUMBER_OBJECT_CONVERSION = YES_AGGRESSIVE;
				CLANG_CXX_LANGUAGE_STANDARD = "gnu++14";
				CLANG_CXX_LIBRARY = "libc++";
				CLANG_ENABLE_MODULES = YES;
				CLANG_ENABLE_OBJC_ARC = YES;
				CLANG_ENABLE_OBJC_WEAK = YES;
				CLANG_WARN_BLOCK_CAPTURE_AUTORELEASING = YES;
				CLANG_WARN_BOOL_CONVERSION = YES;
				CLANG_WARN_COMMA = YES;
				CLANG_WARN_CONSTANT_CONVERSION = YES;
				CLANG_WARN_DEPRECATED_OBJC_IMPLEMENTATIONS = YES;
				CLANG_WARN_DIRECT_OBJC_ISA_USAGE = YES_ERROR;
				CLANG_WARN_DOCUMENTATION_COMMENTS = YES;
				CLANG_WARN_EMPTY_BODY = YES;
				CLANG_WARN_ENUM_CONVERSION = YES;
				CLANG_WARN_INFINITE_RECURSION = YES;
				CLANG_WARN_INT_CONVERSION = YES;
				CLANG_WARN_NON_LITERAL_NULL_CONVERSION = YES;
				CLANG_WARN_OBJC_IMPLICIT_RETAIN_SELF = YES;
				CLANG_WARN_OBJC_LITERAL_CONVERSION = YES;
				CLANG_WARN_OBJC_ROOT_CLASS = YES_ERROR;
				CLANG_WARN_RANGE_LOOP_ANALYSIS = YES;
				CLANG_WARN_STRICT_PROTOTYPES = YES;
				CLANG_WARN_SUSPICIOUS_MOVE = YES;
				CLANG_WARN_UNGUARDED_AVAILABILITY = YES_AGGRESSIVE;
				CLANG_WARN_UNREACHABLE_CODE = YES;
				CLANG_WARN__DUPLICATE_METHOD_MATCH = YES;
				COPY_PHASE_STRIP = NO;
				DEBUG_INFORMATION_FORMAT = dwarf;
				ENABLE_STRICT_OBJC_MSGSEND = YES;
				ENABLE_TESTABILITY = YES;
				GCC_C_LANGUAGE_STANDARD = gnu11;
				GCC_DYNAMIC_NO_PIC = NO;
				GCC_NO_COMMON_BLOCKS = YES;
				GCC_OPTIMIZATION_LEVEL = 0;
				GCC_PREPROCESSOR_DEFINITIONS = (
					"DEBUG=1",
					"$(inherited)",
				);
				GCC_WARN_64_TO_32_BIT_CONVERSION = YES;
				GCC_WARN_ABOUT_RETURN_TYPE = YES_ERROR;
				GCC_WARN_UNDECLARED_SELECTOR = YES;
				GCC_WARN_UNINITIALIZED_AUTOS = YES_AGGRESSIVE;
				GCC_WARN_UNUSED_FUNCTION = YES;
				GCC_WARN_UNUSED_VARIABLE = YES;
				IPHONEOS_DEPLOYMENT_TARGET = 13.2;
				MTL_ENABLE_DEBUG_INFO = INCLUDE_SOURCE;
				MTL_FAST_MATH = YES;
				ONLY_ACTIVE_ARCH = YES;
				SDKROOT = iphoneos;
				SWIFT_ACTIVE_COMPILATION_CONDITIONS = DEBUG;
				SWIFT_OPTIMIZATION_LEVEL = "-Onone";
			};
			name = Debug;
		};
		A3D07C8023F33E2C000EFED7 /* Release */ = {
			isa = XCBuildConfiguration;
			buildSettings = {
				ALWAYS_SEARCH_USER_PATHS = NO;
				CLANG_ANALYZER_NONNULL = YES;
				CLANG_ANALYZER_NUMBER_OBJECT_CONVERSION = YES_AGGRESSIVE;
				CLANG_CXX_LANGUAGE_STANDARD = "gnu++14";
				CLANG_CXX_LIBRARY = "libc++";
				CLANG_ENABLE_MODULES = YES;
				CLANG_ENABLE_OBJC_ARC = YES;
				CLANG_ENABLE_OBJC_WEAK = YES;
				CLANG_WARN_BLOCK_CAPTURE_AUTORELEASING = YES;
				CLANG_WARN_BOOL_CONVERSION = YES;
				CLANG_WARN_COMMA = YES;
				CLANG_WARN_CONSTANT_CONVERSION = YES;
				CLANG_WARN_DEPRECATED_OBJC_IMPLEMENTATIONS = YES;
				CLANG_WARN_DIRECT_OBJC_ISA_USAGE = YES_ERROR;
				CLANG_WARN_DOCUMENTATION_COMMENTS = YES;
				CLANG_WARN_EMPTY_BODY = YES;
				CLANG_WARN_ENUM_CONVERSION = YES;
				CLANG_WARN_INFINITE_RECURSION = YES;
				CLANG_WARN_INT_CONVERSION = YES;
				CLANG_WARN_NON_LITERAL_NULL_CONVERSION = YES;
				CLANG_WARN_OBJC_IMPLICIT_RETAIN_SELF = YES;
				CLANG_WARN_OBJC_LITERAL_CONVERSION = YES;
				CLANG_WARN_OBJC_ROOT_CLASS = YES_ERROR;
				CLANG_WARN_RANGE_LOOP_ANALYSIS = YES;
				CLANG_WARN_STRICT_PROTOTYPES = YES;
				CLANG_WARN_SUSPICIOUS_MOVE = YES;
				CLANG_WARN_UNGUARDED_AVAILABILITY = YES_AGGRESSIVE;
				CLANG_WARN_UNREACHABLE_CODE = YES;
				CLANG_WARN__DUPLICATE_METHOD_MATCH = YES;
				COPY_PHASE_STRIP = NO;
				DEBUG_INFORMATION_FORMAT = "dwarf-with-dsym";
				ENABLE_NS_ASSERTIONS = NO;
				ENABLE_STRICT_OBJC_MSGSEND = YES;
				GCC_C_LANGUAGE_STANDARD = gnu11;
				GCC_NO_COMMON_BLOCKS = YES;
				GCC_WARN_64_TO_32_BIT_CONVERSION = YES;
				GCC_WARN_ABOUT_RETURN_TYPE = YES_ERROR;
				GCC_WARN_UNDECLARED_SELECTOR = YES;
				GCC_WARN_UNINITIALIZED_AUTOS = YES_AGGRESSIVE;
				GCC_WARN_UNUSED_FUNCTION = YES;
				GCC_WARN_UNUSED_VARIABLE = YES;
				IPHONEOS_DEPLOYMENT_TARGET = 13.2;
				MTL_ENABLE_DEBUG_INFO = NO;
				MTL_FAST_MATH = YES;
				SDKROOT = iphoneos;
				SWIFT_COMPILATION_MODE = wholemodule;
				SWIFT_OPTIMIZATION_LEVEL = "-O";
				VALIDATE_PRODUCT = YES;
			};
			name = Release;
		};
		A3D07C8223F33E2C000EFED7 /* Debug */ = {
			isa = XCBuildConfiguration;
			buildSettings = {
				ASSETCATALOG_COMPILER_APPICON_NAME = AppIcon;
				CODE_SIGN_STYLE = Automatic;
				DEVELOPMENT_TEAM = L6W3TBRD57;
				INFOPLIST_FILE = "$(SRCROOT)/AcheAQi/Supporting Files/Info.plist";
				LD_RUNPATH_SEARCH_PATHS = (
					"$(inherited)",
					"@executable_path/Frameworks",
				);
				PRODUCT_BUNDLE_IDENTIFIER = br.com.logics.AcheAQi;
				PRODUCT_NAME = "$(TARGET_NAME)";
				SWIFT_VERSION = 5.0;
				TARGETED_DEVICE_FAMILY = "1,2";
			};
			name = Debug;
		};
		A3D07C8323F33E2C000EFED7 /* Release */ = {
			isa = XCBuildConfiguration;
			buildSettings = {
				ASSETCATALOG_COMPILER_APPICON_NAME = AppIcon;
				CODE_SIGN_STYLE = Automatic;
				DEVELOPMENT_TEAM = L6W3TBRD57;
				INFOPLIST_FILE = "$(SRCROOT)/AcheAQi/Supporting Files/Info.plist";
				LD_RUNPATH_SEARCH_PATHS = (
					"$(inherited)",
					"@executable_path/Frameworks",
				);
				PRODUCT_BUNDLE_IDENTIFIER = br.com.logics.AcheAQi;
				PRODUCT_NAME = "$(TARGET_NAME)";
				SWIFT_VERSION = 5.0;
				TARGETED_DEVICE_FAMILY = "1,2";
			};
			name = Release;
		};
/* End XCBuildConfiguration section */

/* Begin XCConfigurationList section */
		A3D07C6823F33E26000EFED7 /* Build configuration list for PBXProject "AcheAQi" */ = {
			isa = XCConfigurationList;
			buildConfigurations = (
				A3D07C7F23F33E2C000EFED7 /* Debug */,
				A3D07C8023F33E2C000EFED7 /* Release */,
			);
			defaultConfigurationIsVisible = 0;
			defaultConfigurationName = Release;
		};
		A3D07C8123F33E2C000EFED7 /* Build configuration list for PBXNativeTarget "AcheAQi" */ = {
			isa = XCConfigurationList;
			buildConfigurations = (
				A3D07C8223F33E2C000EFED7 /* Debug */,
				A3D07C8323F33E2C000EFED7 /* Release */,
			);
			defaultConfigurationIsVisible = 0;
			defaultConfigurationName = Release;
		};
/* End XCConfigurationList section */

/* Begin XCRemoteSwiftPackageReference section */
		A390986123FD7E0C0068E997 /* XCRemoteSwiftPackageReference "AlamofireImage" */ = {
			isa = XCRemoteSwiftPackageReference;
			repositoryURL = "https://github.com/Alamofire/AlamofireImage";
			requirement = {
				kind = upToNextMajorVersion;
				minimumVersion = 3.6.0;
			};
		};
		A39098A723FDA8010068E997 /* XCRemoteSwiftPackageReference "Spring" */ = {
			isa = XCRemoteSwiftPackageReference;
			repositoryURL = "https://github.com/romeugodoi/Spring";
			requirement = {
				kind = upToNextMajorVersion;
				minimumVersion = 1.0.6;
			};
		};
		A3D07C8423F4CD0E000EFED7 /* XCRemoteSwiftPackageReference "Alamofire" */ = {
			isa = XCRemoteSwiftPackageReference;
			repositoryURL = "https://github.com/Alamofire/Alamofire";
			requirement = {
				kind = upToNextMajorVersion;
				minimumVersion = 4.9.1;
			};
		};
/* End XCRemoteSwiftPackageReference section */

/* Begin XCSwiftPackageProductDependency section */
		A390986223FD7E0C0068E997 /* AlamofireImage */ = {
			isa = XCSwiftPackageProductDependency;
			package = A390986123FD7E0C0068E997 /* XCRemoteSwiftPackageReference "AlamofireImage" */;
			productName = AlamofireImage;
		};
		A39098A823FDA8010068E997 /* Spring */ = {
			isa = XCSwiftPackageProductDependency;
			package = A39098A723FDA8010068E997 /* XCRemoteSwiftPackageReference "Spring" */;
			productName = Spring;
		};
		A3D07C8523F4CD0F000EFED7 /* Alamofire */ = {
			isa = XCSwiftPackageProductDependency;
			package = A3D07C8423F4CD0E000EFED7 /* XCRemoteSwiftPackageReference "Alamofire" */;
			productName = Alamofire;
		};
/* End XCSwiftPackageProductDependency section */
	};
	rootObject = A3D07C6523F33E26000EFED7 /* Project object */;
}
