// !$*UTF8*$!
{
	archiveVersion = 1;
	classes = {
	};
	objectVersion = 52;
	objects = {

/* Begin PBXBuildFile section */
		A3398EBF2417C7BE00C3712B /* MyButton.swift in Sources */ = {isa = PBXBuildFile; fileRef = A3398EBE2417C7BE00C3712B /* MyButton.swift */; };
		A339A62624085381007970F6 /* MainHeaderView.swift in Sources */ = {isa = PBXBuildFile; fileRef = A339A62524085381007970F6 /* MainHeaderView.swift */; };
		A35588CA2412CB2300DED77E /* UICollectionViewExtension.swift in Sources */ = {isa = PBXBuildFile; fileRef = A35588C92412CB2300DED77E /* UICollectionViewExtension.swift */; };
		A35588CE2412DAA200DED77E /* Alert.xib in Resources */ = {isa = PBXBuildFile; fileRef = A35588CC2412DAA100DED77E /* Alert.xib */; };
		A35588CF2412DAA200DED77E /* AlertController.swift in Sources */ = {isa = PBXBuildFile; fileRef = A35588CD2412DAA100DED77E /* AlertController.swift */; };
		A35B7C8D24098F4E00B709DC /* FiltroTableViewController.swift in Sources */ = {isa = PBXBuildFile; fileRef = A35B7C8C24098F4E00B709DC /* FiltroTableViewController.swift */; };
		A35B7C8F24099BCB00B709DC /* Filters.swift in Sources */ = {isa = PBXBuildFile; fileRef = A35B7C8E24099BCB00B709DC /* Filters.swift */; };
		A35B7C922409A3D800B709DC /* UseLocationFilterCell.swift in Sources */ = {isa = PBXBuildFile; fileRef = A35B7C912409A3D800B709DC /* UseLocationFilterCell.swift */; };
		A3740470240ED4400093C6B9 /* WSRequestAdapter.swift in Sources */ = {isa = PBXBuildFile; fileRef = A374046F240ED4400093C6B9 /* WSRequestAdapter.swift */; };
		A3740472240ED45F0093C6B9 /* Constants.swift in Sources */ = {isa = PBXBuildFile; fileRef = A3740471240ED45F0093C6B9 /* Constants.swift */; };
		A3740473240ED54B0093C6B9 /* UIColorExtension.swift in Sources */ = {isa = PBXBuildFile; fileRef = A3D07CA523F6D94D000EFED7 /* UIColorExtension.swift */; };
		A3740474240ED5520093C6B9 /* Array+Convenience.swift in Sources */ = {isa = PBXBuildFile; fileRef = A3D07C9823F6D94B000EFED7 /* Array+Convenience.swift */; };
		A3740475240ED5520093C6B9 /* DataResponse+WS.swift in Sources */ = {isa = PBXBuildFile; fileRef = A3D07CA623F6D94D000EFED7 /* DataResponse+WS.swift */; };
		A3740476240ED5520093C6B9 /* Date+Formatter.swift in Sources */ = {isa = PBXBuildFile; fileRef = A3D07CA923F6D94E000EFED7 /* Date+Formatter.swift */; };
		A3740477240ED5520093C6B9 /* DateExtension.swift in Sources */ = {isa = PBXBuildFile; fileRef = A3D07CA123F6D94C000EFED7 /* DateExtension.swift */; };
		A3740478240ED5520093C6B9 /* DictionaryExtension.swift in Sources */ = {isa = PBXBuildFile; fileRef = A3D07C9423F6D94A000EFED7 /* DictionaryExtension.swift */; };
		A3740479240ED5520093C6B9 /* FloatExtension.swift in Sources */ = {isa = PBXBuildFile; fileRef = A3D07CA423F6D94D000EFED7 /* FloatExtension.swift */; };
		A374047A240ED5520093C6B9 /* NSNotification+Convenience.swift in Sources */ = {isa = PBXBuildFile; fileRef = A3D07CA323F6D94D000EFED7 /* NSNotification+Convenience.swift */; };
		A374047B240ED5520093C6B9 /* NSObjectExtension.swift in Sources */ = {isa = PBXBuildFile; fileRef = A3D07C9923F6D94B000EFED7 /* NSObjectExtension.swift */; };
		A374047C240ED5520093C6B9 /* Sequence+Convenience.swift in Sources */ = {isa = PBXBuildFile; fileRef = A3D07CA023F6D94C000EFED7 /* Sequence+Convenience.swift */; };
		A374047D240ED5520093C6B9 /* String+CpfCnpj.swift in Sources */ = {isa = PBXBuildFile; fileRef = A3D07C9223F6D94A000EFED7 /* String+CpfCnpj.swift */; };
		A374047E240ED5520093C6B9 /* String+Nickname.swift in Sources */ = {isa = PBXBuildFile; fileRef = A3D07C9523F6D94B000EFED7 /* String+Nickname.swift */; };
		A374047F240ED5520093C6B9 /* String+QRBarCode.swift in Sources */ = {isa = PBXBuildFile; fileRef = A3D07C9D23F6D94C000EFED7 /* String+QRBarCode.swift */; };
		A3740480240ED5520093C6B9 /* String+Validator.swift in Sources */ = {isa = PBXBuildFile; fileRef = A3D07C9C23F6D94C000EFED7 /* String+Validator.swift */; };
		A3740481240ED5520093C6B9 /* StringExtension.swift in Sources */ = {isa = PBXBuildFile; fileRef = A3D07C9E23F6D94C000EFED7 /* StringExtension.swift */; };
		A3740482240ED5520093C6B9 /* UICollectionViewCell+Animations.swift in Sources */ = {isa = PBXBuildFile; fileRef = A3D07CA723F6D94D000EFED7 /* UICollectionViewCell+Animations.swift */; };
		A3740483240ED5520093C6B9 /* UIDeviceExtension.swift in Sources */ = {isa = PBXBuildFile; fileRef = A3D07C9323F6D94A000EFED7 /* UIDeviceExtension.swift */; };
		A3740484240ED5520093C6B9 /* UIImage+Convenience.swift in Sources */ = {isa = PBXBuildFile; fileRef = A3D07C9623F6D94B000EFED7 /* UIImage+Convenience.swift */; };
		A3740485240ED5520093C6B9 /* UIPickerExtension.swift in Sources */ = {isa = PBXBuildFile; fileRef = A3D07C9723F6D94B000EFED7 /* UIPickerExtension.swift */; };
		A3740486240ED5520093C6B9 /* UITableViewExtension.swift in Sources */ = {isa = PBXBuildFile; fileRef = A3D07C9A23F6D94B000EFED7 /* UITableViewExtension.swift */; };
		A3740487240ED5520093C6B9 /* UITapGestureRecognizer+Label.swift in Sources */ = {isa = PBXBuildFile; fileRef = A3D07CA223F6D94C000EFED7 /* UITapGestureRecognizer+Label.swift */; };
		A3740488240ED5520093C6B9 /* UIView+Shadow.swift in Sources */ = {isa = PBXBuildFile; fileRef = A3D07CA823F6D94D000EFED7 /* UIView+Shadow.swift */; };
		A3740489240ED5520093C6B9 /* UIView+Xib.swift in Sources */ = {isa = PBXBuildFile; fileRef = A3D07C9B23F6D94B000EFED7 /* UIView+Xib.swift */; };
		A374048A240ED5520093C6B9 /* URL+WS.swift in Sources */ = {isa = PBXBuildFile; fileRef = A3D07C9F23F6D94C000EFED7 /* URL+WS.swift */; };
		A374048C240ED6E10093C6B9 /* Login.swift in Sources */ = {isa = PBXBuildFile; fileRef = A374048B240ED6E10093C6B9 /* Login.swift */; };
		A374048F240ED7320093C6B9 /* KeychainItemAccessibility.swift in Sources */ = {isa = PBXBuildFile; fileRef = A374048D240ED7320093C6B9 /* KeychainItemAccessibility.swift */; };
		A3740490240ED7320093C6B9 /* SwiftKeychainWrapper.swift in Sources */ = {isa = PBXBuildFile; fileRef = A374048E240ED7320093C6B9 /* SwiftKeychainWrapper.swift */; };
		A3740493240EDD760093C6B9 /* UIBarButtonItemExtension.swift in Sources */ = {isa = PBXBuildFile; fileRef = A3740492240EDD760093C6B9 /* UIBarButtonItemExtension.swift */; };
		A37A72D423F81DE800DD6C16 /* NavigationViewController.swift in Sources */ = {isa = PBXBuildFile; fileRef = A37A72D323F81DE800DD6C16 /* NavigationViewController.swift */; };
		A37EAC2523FDAFEC00FF0F7C /* Produto.swift in Sources */ = {isa = PBXBuildFile; fileRef = A37EAC2423FDAFEC00FF0F7C /* Produto.swift */; };
		A37EAC2723FDB03800FF0F7C /* JSONSchemaSupport.swift in Sources */ = {isa = PBXBuildFile; fileRef = A37EAC2623FDB03800FF0F7C /* JSONSchemaSupport.swift */; };
		A37EAC2923FDB0CC00FF0F7C /* Empresa.swift in Sources */ = {isa = PBXBuildFile; fileRef = A37EAC2823FDB0CC00FF0F7C /* Empresa.swift */; };
		A37EAC2B23FDB14A00FF0F7C /* Categoria.swift in Sources */ = {isa = PBXBuildFile; fileRef = A37EAC2A23FDB14A00FF0F7C /* Categoria.swift */; };
		A37EAC2D23FDB6C000FF0F7C /* API.swift in Sources */ = {isa = PBXBuildFile; fileRef = A37EAC2C23FDB6C000FF0F7C /* API.swift */; };
		A37EAC2F23FF0DE500FF0F7C /* MainResultsTableController.swift in Sources */ = {isa = PBXBuildFile; fileRef = A37EAC2E23FF0DE500FF0F7C /* MainResultsTableController.swift */; };
		A390986323FD7E0C0068E997 /* AlamofireImage in Frameworks */ = {isa = PBXBuildFile; productRef = A390986223FD7E0C0068E997 /* AlamofireImage */; };
		A39098A923FDA8010068E997 /* Spring in Frameworks */ = {isa = PBXBuildFile; productRef = A39098A823FDA8010068E997 /* Spring */; };
		A3942C50241A478600AACEC7 /* Karte in Frameworks */ = {isa = PBXBuildFile; productRef = A3942C4F241A478600AACEC7 /* Karte */; };
		A3942C52241A594300AACEC7 /* String+PhoneCall.swift in Sources */ = {isa = PBXBuildFile; fileRef = A3942C51241A594300AACEC7 /* String+PhoneCall.swift */; };
		A3D07C7123F33E27000EFED7 /* AppDelegate.swift in Sources */ = {isa = PBXBuildFile; fileRef = A3D07C7023F33E27000EFED7 /* AppDelegate.swift */; };
		A3D07C7323F33E27000EFED7 /* SceneDelegate.swift in Sources */ = {isa = PBXBuildFile; fileRef = A3D07C7223F33E27000EFED7 /* SceneDelegate.swift */; };
		A3D07C7823F33E27000EFED7 /* Main.storyboard in Resources */ = {isa = PBXBuildFile; fileRef = A3D07C7623F33E27000EFED7 /* Main.storyboard */; };
		A3D07C7A23F33E2C000EFED7 /* Assets.xcassets in Resources */ = {isa = PBXBuildFile; fileRef = A3D07C7923F33E2C000EFED7 /* Assets.xcassets */; };
		A3D07C7D23F33E2C000EFED7 /* LaunchScreen.storyboard in Resources */ = {isa = PBXBuildFile; fileRef = A3D07C7B23F33E2C000EFED7 /* LaunchScreen.storyboard */; };
		A3D07C8623F4CD0F000EFED7 /* Alamofire in Frameworks */ = {isa = PBXBuildFile; productRef = A3D07C8523F4CD0F000EFED7 /* Alamofire */; };
		A3D07C8823F5B54E000EFED7 /* SearchTableViewController.swift in Sources */ = {isa = PBXBuildFile; fileRef = A3D07C8723F5B54E000EFED7 /* SearchTableViewController.swift */; };
		A3D07C8D23F6D76C000EFED7 /* CustomView.swift in Sources */ = {isa = PBXBuildFile; fileRef = A3D07C8A23F6D76C000EFED7 /* CustomView.swift */; };
		A3D07C8E23F6D76C000EFED7 /* AvatarView.swift in Sources */ = {isa = PBXBuildFile; fileRef = A3D07C8C23F6D76C000EFED7 /* AvatarView.swift */; };
		A3D07C8F23F6D76C000EFED7 /* GradientButton.swift in Sources */ = {isa = PBXBuildFile; fileRef = A3D07C8B23F6D76C000EFED7 /* GradientButton.swift */; };
		A3D07CAB23F6D9BD000EFED7 /* GradientPoint.swift in Sources */ = {isa = PBXBuildFile; fileRef = A3D07CAA23F6D9BC000EFED7 /* GradientPoint.swift */; };
		A3E924A323FB021100AD4149 /* MainCollectionViewController.swift in Sources */ = {isa = PBXBuildFile; fileRef = A3E924A223FB021100AD4149 /* MainCollectionViewController.swift */; };
		A3E924A523FB28F500AD4149 /* ProdutoCollectionViewCell.swift in Sources */ = {isa = PBXBuildFile; fileRef = A3E924A423FB28F500AD4149 /* ProdutoCollectionViewCell.swift */; };
		A3F50F862416BE6E00FD387B /* DetalheViewController.swift in Sources */ = {isa = PBXBuildFile; fileRef = A3F50F852416BE6E00FD387B /* DetalheViewController.swift */; };
		A3F50F902416E49200FD387B /* MaterialDesignWidgets in Frameworks */ = {isa = PBXBuildFile; productRef = A3F50F8F2416E49200FD387B /* MaterialDesignWidgets */; };
/* End PBXBuildFile section */

/* Begin PBXFileReference section */
		A3398EBE2417C7BE00C3712B /* MyButton.swift */ = {isa = PBXFileReference; lastKnownFileType = sourcecode.swift; path = MyButton.swift; sourceTree = "<group>"; };
		A339A62524085381007970F6 /* MainHeaderView.swift */ = {isa = PBXFileReference; lastKnownFileType = sourcecode.swift; path = MainHeaderView.swift; sourceTree = "<group>"; };
		A35588C92412CB2300DED77E /* UICollectionViewExtension.swift */ = {isa = PBXFileReference; lastKnownFileType = sourcecode.swift; path = UICollectionViewExtension.swift; sourceTree = "<group>"; };
		A35588CC2412DAA100DED77E /* Alert.xib */ = {isa = PBXFileReference; fileEncoding = 4; lastKnownFileType = file.xib; path = Alert.xib; sourceTree = "<group>"; };
		A35588CD2412DAA100DED77E /* AlertController.swift */ = {isa = PBXFileReference; fileEncoding = 4; lastKnownFileType = sourcecode.swift; path = AlertController.swift; sourceTree = "<group>"; };
		A35B7C8C24098F4E00B709DC /* FiltroTableViewController.swift */ = {isa = PBXFileReference; lastKnownFileType = sourcecode.swift; path = FiltroTableViewController.swift; sourceTree = "<group>"; };
		A35B7C8E24099BCB00B709DC /* Filters.swift */ = {isa = PBXFileReference; lastKnownFileType = sourcecode.swift; path = Filters.swift; sourceTree = "<group>"; };
		A35B7C912409A3D800B709DC /* UseLocationFilterCell.swift */ = {isa = PBXFileReference; lastKnownFileType = sourcecode.swift; path = UseLocationFilterCell.swift; sourceTree = "<group>"; };
		A374046F240ED4400093C6B9 /* WSRequestAdapter.swift */ = {isa = PBXFileReference; lastKnownFileType = sourcecode.swift; path = WSRequestAdapter.swift; sourceTree = "<group>"; };
		A3740471240ED45F0093C6B9 /* Constants.swift */ = {isa = PBXFileReference; lastKnownFileType = sourcecode.swift; path = Constants.swift; sourceTree = "<group>"; };
		A374048B240ED6E10093C6B9 /* Login.swift */ = {isa = PBXFileReference; fileEncoding = 4; lastKnownFileType = sourcecode.swift; path = Login.swift; sourceTree = "<group>"; };
		A374048D240ED7320093C6B9 /* KeychainItemAccessibility.swift */ = {isa = PBXFileReference; fileEncoding = 4; lastKnownFileType = sourcecode.swift; path = KeychainItemAccessibility.swift; sourceTree = "<group>"; };
		A374048E240ED7320093C6B9 /* SwiftKeychainWrapper.swift */ = {isa = PBXFileReference; fileEncoding = 4; lastKnownFileType = sourcecode.swift; path = SwiftKeychainWrapper.swift; sourceTree = "<group>"; };
		A3740492240EDD760093C6B9 /* UIBarButtonItemExtension.swift */ = {isa = PBXFileReference; lastKnownFileType = sourcecode.swift; path = UIBarButtonItemExtension.swift; sourceTree = "<group>"; };
		A37A72D323F81DE800DD6C16 /* NavigationViewController.swift */ = {isa = PBXFileReference; lastKnownFileType = sourcecode.swift; path = NavigationViewController.swift; sourceTree = "<group>"; };
		A37EAC2423FDAFEC00FF0F7C /* Produto.swift */ = {isa = PBXFileReference; lastKnownFileType = sourcecode.swift; path = Produto.swift; sourceTree = "<group>"; };
		A37EAC2623FDB03800FF0F7C /* JSONSchemaSupport.swift */ = {isa = PBXFileReference; lastKnownFileType = sourcecode.swift; path = JSONSchemaSupport.swift; sourceTree = "<group>"; };
		A37EAC2823FDB0CC00FF0F7C /* Empresa.swift */ = {isa = PBXFileReference; lastKnownFileType = sourcecode.swift; path = Empresa.swift; sourceTree = "<group>"; };
		A37EAC2A23FDB14A00FF0F7C /* Categoria.swift */ = {isa = PBXFileReference; lastKnownFileType = sourcecode.swift; path = Categoria.swift; sourceTree = "<group>"; };
		A37EAC2C23FDB6C000FF0F7C /* API.swift */ = {isa = PBXFileReference; lastKnownFileType = sourcecode.swift; path = API.swift; sourceTree = "<group>"; };
		A37EAC2E23FF0DE500FF0F7C /* MainResultsTableController.swift */ = {isa = PBXFileReference; lastKnownFileType = sourcecode.swift; path = MainResultsTableController.swift; sourceTree = "<group>"; };
		A3942C51241A594300AACEC7 /* String+PhoneCall.swift */ = {isa = PBXFileReference; lastKnownFileType = sourcecode.swift; path = "String+PhoneCall.swift"; sourceTree = "<group>"; };
		A3D07C6D23F33E27000EFED7 /* AcheAQi.app */ = {isa = PBXFileReference; explicitFileType = wrapper.application; includeInIndex = 0; path = AcheAQi.app; sourceTree = BUILT_PRODUCTS_DIR; };
		A3D07C7023F33E27000EFED7 /* AppDelegate.swift */ = {isa = PBXFileReference; lastKnownFileType = sourcecode.swift; path = AppDelegate.swift; sourceTree = "<group>"; };
		A3D07C7223F33E27000EFED7 /* SceneDelegate.swift */ = {isa = PBXFileReference; lastKnownFileType = sourcecode.swift; path = SceneDelegate.swift; sourceTree = "<group>"; };
		A3D07C7723F33E27000EFED7 /* Base */ = {isa = PBXFileReference; lastKnownFileType = file.storyboard; name = Base; path = Base.lproj/Main.storyboard; sourceTree = "<group>"; };
		A3D07C7923F33E2C000EFED7 /* Assets.xcassets */ = {isa = PBXFileReference; lastKnownFileType = folder.assetcatalog; path = Assets.xcassets; sourceTree = "<group>"; };
		A3D07C7C23F33E2C000EFED7 /* Base */ = {isa = PBXFileReference; lastKnownFileType = file.storyboard; name = Base; path = Base.lproj/LaunchScreen.storyboard; sourceTree = "<group>"; };
		A3D07C7E23F33E2C000EFED7 /* Info.plist */ = {isa = PBXFileReference; lastKnownFileType = text.plist.xml; path = Info.plist; sourceTree = "<group>"; };
		A3D07C8723F5B54E000EFED7 /* SearchTableViewController.swift */ = {isa = PBXFileReference; lastKnownFileType = sourcecode.swift; path = SearchTableViewController.swift; sourceTree = "<group>"; };
		A3D07C8A23F6D76C000EFED7 /* CustomView.swift */ = {isa = PBXFileReference; lastKnownFileType = sourcecode.swift; path = CustomView.swift; sourceTree = "<group>"; };
		A3D07C8B23F6D76C000EFED7 /* GradientButton.swift */ = {isa = PBXFileReference; lastKnownFileType = sourcecode.swift; path = GradientButton.swift; sourceTree = "<group>"; };
		A3D07C8C23F6D76C000EFED7 /* AvatarView.swift */ = {isa = PBXFileReference; lastKnownFileType = sourcecode.swift; path = AvatarView.swift; sourceTree = "<group>"; };
		A3D07C9223F6D94A000EFED7 /* String+CpfCnpj.swift */ = {isa = PBXFileReference; lastKnownFileType = sourcecode.swift; path = "String+CpfCnpj.swift"; sourceTree = "<group>"; };
		A3D07C9323F6D94A000EFED7 /* UIDeviceExtension.swift */ = {isa = PBXFileReference; lastKnownFileType = sourcecode.swift; path = UIDeviceExtension.swift; sourceTree = "<group>"; };
		A3D07C9423F6D94A000EFED7 /* DictionaryExtension.swift */ = {isa = PBXFileReference; lastKnownFileType = sourcecode.swift; path = DictionaryExtension.swift; sourceTree = "<group>"; };
		A3D07C9523F6D94B000EFED7 /* String+Nickname.swift */ = {isa = PBXFileReference; lastKnownFileType = sourcecode.swift; path = "String+Nickname.swift"; sourceTree = "<group>"; };
		A3D07C9623F6D94B000EFED7 /* UIImage+Convenience.swift */ = {isa = PBXFileReference; lastKnownFileType = sourcecode.swift; path = "UIImage+Convenience.swift"; sourceTree = "<group>"; };
		A3D07C9723F6D94B000EFED7 /* UIPickerExtension.swift */ = {isa = PBXFileReference; lastKnownFileType = sourcecode.swift; path = UIPickerExtension.swift; sourceTree = "<group>"; };
		A3D07C9823F6D94B000EFED7 /* Array+Convenience.swift */ = {isa = PBXFileReference; lastKnownFileType = sourcecode.swift; path = "Array+Convenience.swift"; sourceTree = "<group>"; };
		A3D07C9923F6D94B000EFED7 /* NSObjectExtension.swift */ = {isa = PBXFileReference; lastKnownFileType = sourcecode.swift; path = NSObjectExtension.swift; sourceTree = "<group>"; };
		A3D07C9A23F6D94B000EFED7 /* UITableViewExtension.swift */ = {isa = PBXFileReference; lastKnownFileType = sourcecode.swift; path = UITableViewExtension.swift; sourceTree = "<group>"; };
		A3D07C9B23F6D94B000EFED7 /* UIView+Xib.swift */ = {isa = PBXFileReference; lastKnownFileType = sourcecode.swift; path = "UIView+Xib.swift"; sourceTree = "<group>"; };
		A3D07C9C23F6D94C000EFED7 /* String+Validator.swift */ = {isa = PBXFileReference; lastKnownFileType = sourcecode.swift; path = "String+Validator.swift"; sourceTree = "<group>"; };
		A3D07C9D23F6D94C000EFED7 /* String+QRBarCode.swift */ = {isa = PBXFileReference; lastKnownFileType = sourcecode.swift; path = "String+QRBarCode.swift"; sourceTree = "<group>"; };
		A3D07C9E23F6D94C000EFED7 /* StringExtension.swift */ = {isa = PBXFileReference; lastKnownFileType = sourcecode.swift; path = StringExtension.swift; sourceTree = "<group>"; };
		A3D07C9F23F6D94C000EFED7 /* URL+WS.swift */ = {isa = PBXFileReference; lastKnownFileType = sourcecode.swift; path = "URL+WS.swift"; sourceTree = "<group>"; };
		A3D07CA023F6D94C000EFED7 /* Sequence+Convenience.swift */ = {isa = PBXFileReference; lastKnownFileType = sourcecode.swift; path = "Sequence+Convenience.swift"; sourceTree = "<group>"; };
		A3D07CA123F6D94C000EFED7 /* DateExtension.swift */ = {isa = PBXFileReference; lastKnownFileType = sourcecode.swift; path = DateExtension.swift; sourceTree = "<group>"; };
		A3D07CA223F6D94C000EFED7 /* UITapGestureRecognizer+Label.swift */ = {isa = PBXFileReference; lastKnownFileType = sourcecode.swift; path = "UITapGestureRecognizer+Label.swift"; sourceTree = "<group>"; };
		A3D07CA323F6D94D000EFED7 /* NSNotification+Convenience.swift */ = {isa = PBXFileReference; lastKnownFileType = sourcecode.swift; path = "NSNotification+Convenience.swift"; sourceTree = "<group>"; };
		A3D07CA423F6D94D000EFED7 /* FloatExtension.swift */ = {isa = PBXFileReference; lastKnownFileType = sourcecode.swift; path = FloatExtension.swift; sourceTree = "<group>"; };
		A3D07CA523F6D94D000EFED7 /* UIColorExtension.swift */ = {isa = PBXFileReference; lastKnownFileType = sourcecode.swift; path = UIColorExtension.swift; sourceTree = "<group>"; };
		A3D07CA623F6D94D000EFED7 /* DataResponse+WS.swift */ = {isa = PBXFileReference; lastKnownFileType = sourcecode.swift; path = "DataResponse+WS.swift"; sourceTree = "<group>"; };
		A3D07CA723F6D94D000EFED7 /* UICollectionViewCell+Animations.swift */ = {isa = PBXFileReference; lastKnownFileType = sourcecode.swift; path = "UICollectionViewCell+Animations.swift"; sourceTree = "<group>"; };
		A3D07CA823F6D94D000EFED7 /* UIView+Shadow.swift */ = {isa = PBXFileReference; lastKnownFileType = sourcecode.swift; path = "UIView+Shadow.swift"; sourceTree = "<group>"; };
		A3D07CA923F6D94E000EFED7 /* Date+Formatter.swift */ = {isa = PBXFileReference; lastKnownFileType = sourcecode.swift; path = "Date+Formatter.swift"; sourceTree = "<group>"; };
		A3D07CAA23F6D9BC000EFED7 /* GradientPoint.swift */ = {isa = PBXFileReference; lastKnownFileType = sourcecode.swift; path = GradientPoint.swift; sourceTree = "<group>"; };
		A3E924A223FB021100AD4149 /* MainCollectionViewController.swift */ = {isa = PBXFileReference; lastKnownFileType = sourcecode.swift; path = MainCollectionViewController.swift; sourceTree = "<group>"; };
		A3E924A423FB28F500AD4149 /* ProdutoCollectionViewCell.swift */ = {isa = PBXFileReference; lastKnownFileType = sourcecode.swift; path = ProdutoCollectionViewCell.swift; sourceTree = "<group>"; };
		A3F50F852416BE6E00FD387B /* DetalheViewController.swift */ = {isa = PBXFileReference; lastKnownFileType = sourcecode.swift; path = DetalheViewController.swift; sourceTree = "<group>"; };
/* End PBXFileReference section */

/* Begin PBXFrameworksBuildPhase section */
		A3D07C6A23F33E27000EFED7 /* Frameworks */ = {
			isa = PBXFrameworksBuildPhase;
			buildActionMask = 2147483647;
			files = (
				A3942C50241A478600AACEC7 /* Karte in Frameworks */,
				A3D07C8623F4CD0F000EFED7 /* Alamofire in Frameworks */,
				A3F50F902416E49200FD387B /* MaterialDesignWidgets in Frameworks */,
				A390986323FD7E0C0068E997 /* AlamofireImage in Frameworks */,
				A39098A923FDA8010068E997 /* Spring in Frameworks */,
			);
			runOnlyForDeploymentPostprocessing = 0;
		};
/* End PBXFrameworksBuildPhase section */

/* Begin PBXGroup section */
		A35588D02412DAAF00DED77E /* Alert */ = {
			isa = PBXGroup;
			children = (
				A35588CC2412DAA100DED77E /* Alert.xib */,
				A35588CD2412DAA100DED77E /* AlertController.swift */,
			);
			path = Alert;
			sourceTree = "<group>";
		};
		A35B7C902409A28D00B709DC /* Filtros */ = {
			isa = PBXGroup;
			children = (
				A35B7C8C24098F4E00B709DC /* FiltroTableViewController.swift */,
				A35B7C912409A3D800B709DC /* UseLocationFilterCell.swift */,
			);
			path = Filtros;
			sourceTree = "<group>";
		};
		A3740491240ED73C0093C6B9 /* Keychain Wrapper */ = {
			isa = PBXGroup;
			children = (
				A374048D240ED7320093C6B9 /* KeychainItemAccessibility.swift */,
				A374048E240ED7320093C6B9 /* SwiftKeychainWrapper.swift */,
			);
			path = "Keychain Wrapper";
			sourceTree = "<group>";
		};
		A3D07C6423F33E26000EFED7 = {
			isa = PBXGroup;
			children = (
				A3D07C6F23F33E27000EFED7 /* AcheAQi */,
				A3D07C6E23F33E27000EFED7 /* Products */,
			);
			sourceTree = "<group>";
		};
		A3D07C6E23F33E27000EFED7 /* Products */ = {
			isa = PBXGroup;
			children = (
				A3D07C6D23F33E27000EFED7 /* AcheAQi.app */,
			);
			name = Products;
			sourceTree = "<group>";
		};
		A3D07C6F23F33E27000EFED7 /* AcheAQi */ = {
			isa = PBXGroup;
			children = (
				A3D07C7023F33E27000EFED7 /* AppDelegate.swift */,
				A3D07C7223F33E27000EFED7 /* SceneDelegate.swift */,
				A3D07C7623F33E27000EFED7 /* Main.storyboard */,
				A3D07C8923F6D74C000EFED7 /* Controllers */,
				A3D07C9023F6D77E000EFED7 /* Views */,
				A3D07C9123F6D92F000EFED7 /* Extensions */,
				A3E924A823FB293700AD4149 /* Models */,
				A3E924A723FB290C00AD4149 /* Supporting Files */,
			);
			path = AcheAQi;
			sourceTree = "<group>";
		};
		A3D07C8923F6D74C000EFED7 /* Controllers */ = {
			isa = PBXGroup;
			children = (
				A3D07C8723F5B54E000EFED7 /* SearchTableViewController.swift */,
				A37A72D323F81DE800DD6C16 /* NavigationViewController.swift */,
				A3E924A623FB28FC00AD4149 /* Main */,
				A35588D02412DAAF00DED77E /* Alert */,
				A3F50F872416BE7900FD387B /* Detalhe */,
			);
			path = Controllers;
			sourceTree = "<group>";
		};
		A3D07C9023F6D77E000EFED7 /* Views */ = {
			isa = PBXGroup;
			children = (
				A3D07C8C23F6D76C000EFED7 /* AvatarView.swift */,
				A3D07C8A23F6D76C000EFED7 /* CustomView.swift */,
				A3D07C8B23F6D76C000EFED7 /* GradientButton.swift */,
				A3398EBE2417C7BE00C3712B /* MyButton.swift */,
			);
			path = Views;
			sourceTree = "<group>";
		};
		A3D07C9123F6D92F000EFED7 /* Extensions */ = {
			isa = PBXGroup;
			children = (
				A3D07C9823F6D94B000EFED7 /* Array+Convenience.swift */,
				A3D07CA623F6D94D000EFED7 /* DataResponse+WS.swift */,
				A3D07CA923F6D94E000EFED7 /* Date+Formatter.swift */,
				A3D07CA123F6D94C000EFED7 /* DateExtension.swift */,
				A3D07C9423F6D94A000EFED7 /* DictionaryExtension.swift */,
				A3D07CA423F6D94D000EFED7 /* FloatExtension.swift */,
				A3D07CA323F6D94D000EFED7 /* NSNotification+Convenience.swift */,
				A3D07C9923F6D94B000EFED7 /* NSObjectExtension.swift */,
				A3D07CA023F6D94C000EFED7 /* Sequence+Convenience.swift */,
				A3D07C9223F6D94A000EFED7 /* String+CpfCnpj.swift */,
				A3D07C9523F6D94B000EFED7 /* String+Nickname.swift */,
				A3D07C9D23F6D94C000EFED7 /* String+QRBarCode.swift */,
				A3D07C9C23F6D94C000EFED7 /* String+Validator.swift */,
				A3D07C9E23F6D94C000EFED7 /* StringExtension.swift */,
				A3D07CA723F6D94D000EFED7 /* UICollectionViewCell+Animations.swift */,
				A3D07CA523F6D94D000EFED7 /* UIColorExtension.swift */,
				A3D07C9323F6D94A000EFED7 /* UIDeviceExtension.swift */,
				A3D07C9623F6D94B000EFED7 /* UIImage+Convenience.swift */,
				A3D07C9723F6D94B000EFED7 /* UIPickerExtension.swift */,
				A3D07C9A23F6D94B000EFED7 /* UITableViewExtension.swift */,
				A35588C92412CB2300DED77E /* UICollectionViewExtension.swift */,
				A3D07CA223F6D94C000EFED7 /* UITapGestureRecognizer+Label.swift */,
				A3D07CA823F6D94D000EFED7 /* UIView+Shadow.swift */,
				A3D07C9B23F6D94B000EFED7 /* UIView+Xib.swift */,
				A3D07C9F23F6D94C000EFED7 /* URL+WS.swift */,
				A3740492240EDD760093C6B9 /* UIBarButtonItemExtension.swift */,
				A3942C51241A594300AACEC7 /* String+PhoneCall.swift */,
			);
			path = Extensions;
			sourceTree = "<group>";
		};
		A3E924A623FB28FC00AD4149 /* Main */ = {
			isa = PBXGroup;
			children = (
				A3E924A223FB021100AD4149 /* MainCollectionViewController.swift */,
				A3E924A423FB28F500AD4149 /* ProdutoCollectionViewCell.swift */,
				A37EAC2E23FF0DE500FF0F7C /* MainResultsTableController.swift */,
				A339A62524085381007970F6 /* MainHeaderView.swift */,
				A35B7C902409A28D00B709DC /* Filtros */,
			);
			path = Main;
			sourceTree = "<group>";
		};
		A3E924A723FB290C00AD4149 /* Supporting Files */ = {
			isa = PBXGroup;
			children = (
				A3D07C7923F33E2C000EFED7 /* Assets.xcassets */,
				A3D07C7B23F33E2C000EFED7 /* LaunchScreen.storyboard */,
				A3D07C7E23F33E2C000EFED7 /* Info.plist */,
				A3740471240ED45F0093C6B9 /* Constants.swift */,
			);
			path = "Supporting Files";
			sourceTree = "<group>";
		};
		A3E924A823FB293700AD4149 /* Models */ = {
			isa = PBXGroup;
			children = (
				A3740491240ED73C0093C6B9 /* Keychain Wrapper */,
				A374048B240ED6E10093C6B9 /* Login.swift */,
				A374046F240ED4400093C6B9 /* WSRequestAdapter.swift */,
				A3D07CAA23F6D9BC000EFED7 /* GradientPoint.swift */,
				A37EAC2423FDAFEC00FF0F7C /* Produto.swift */,
				A37EAC2623FDB03800FF0F7C /* JSONSchemaSupport.swift */,
				A37EAC2823FDB0CC00FF0F7C /* Empresa.swift */,
				A37EAC2A23FDB14A00FF0F7C /* Categoria.swift */,
				A37EAC2C23FDB6C000FF0F7C /* API.swift */,
				A35B7C8E24099BCB00B709DC /* Filters.swift */,
			);
			path = Models;
			sourceTree = "<group>";
		};
		A3F50F872416BE7900FD387B /* Detalhe */ = {
			isa = PBXGroup;
			children = (
				A3F50F852416BE6E00FD387B /* DetalheViewController.swift */,
			);
			path = Detalhe;
			sourceTree = "<group>";
		};
/* End PBXGroup section */

/* Begin PBXNativeTarget section */
		A3D07C6C23F33E27000EFED7 /* AcheAQi */ = {
			isa = PBXNativeTarget;
			buildConfigurationList = A3D07C8123F33E2C000EFED7 /* Build configuration list for PBXNativeTarget "AcheAQi" */;
			buildPhases = (
				A3D07C6923F33E27000EFED7 /* Sources */,
				A3D07C6A23F33E27000EFED7 /* Frameworks */,
				A3D07C6B23F33E27000EFED7 /* Resources */,
				A35588CB2412D8DA00DED77E /* ShellScript */,
			);
			buildRules = (
			);
			dependencies = (
			);
			name = AcheAQi;
			packageProductDependencies = (
				A3D07C8523F4CD0F000EFED7 /* Alamofire */,
				A390986223FD7E0C0068E997 /* AlamofireImage */,
				A39098A823FDA8010068E997 /* Spring */,
				A3F50F8F2416E49200FD387B /* MaterialDesignWidgets */,
				A3942C4F241A478600AACEC7 /* Karte */,
			);
			productName = AcheAQi;
			productReference = A3D07C6D23F33E27000EFED7 /* AcheAQi.app */;
			productType = "com.apple.product-type.application";
		};
/* End PBXNativeTarget section */

/* Begin PBXProject section */
		A3D07C6523F33E26000EFED7 /* Project object */ = {
			isa = PBXProject;
			attributes = {
				LastSwiftUpdateCheck = 1120;
				LastUpgradeCheck = 1120;
				ORGANIZATIONNAME = "Logics Software";
				TargetAttributes = {
					A3D07C6C23F33E27000EFED7 = {
						CreatedOnToolsVersion = 11.2.1;
					};
				};
			};
			buildConfigurationList = A3D07C6823F33E26000EFED7 /* Build configuration list for PBXProject "AcheAQi" */;
			compatibilityVersion = "Xcode 9.3";
			developmentRegion = en;
			hasScannedForEncodings = 0;
			knownRegions = (
				en,
				Base,
			);
			mainGroup = A3D07C6423F33E26000EFED7;
			packageReferences = (
				A3D07C8423F4CD0E000EFED7 /* XCRemoteSwiftPackageReference "Alamofire" */,
				A390986123FD7E0C0068E997 /* XCRemoteSwiftPackageReference "AlamofireImage" */,
				A39098A723FDA8010068E997 /* XCRemoteSwiftPackageReference "Spring" */,
				A3F50F8E2416E49200FD387B /* XCRemoteSwiftPackageReference "MaterialDesignWidgetsiOSLite" */,
				A3942C4E241A478600AACEC7 /* XCRemoteSwiftPackageReference "Karte" */,
			);
			productRefGroup = A3D07C6E23F33E27000EFED7 /* Products */;
			projectDirPath = "";
			projectRoot = "";
			targets = (
				A3D07C6C23F33E27000EFED7 /* AcheAQi */,
			);
		};
/* End PBXProject section */

/* Begin PBXResourcesBuildPhase section */
		A3D07C6B23F33E27000EFED7 /* Resources */ = {
			isa = PBXResourcesBuildPhase;
			buildActionMask = 2147483647;
			files = (
				A3D07C7D23F33E2C000EFED7 /* LaunchScreen.storyboard in Resources */,
				A3D07C7A23F33E2C000EFED7 /* Assets.xcassets in Resources */,
				A35588CE2412DAA200DED77E /* Alert.xib in Resources */,
				A3D07C7823F33E27000EFED7 /* Main.storyboard in Resources */,
			);
			runOnlyForDeploymentPostprocessing = 0;
		};
/* End PBXResourcesBuildPhase section */

/* Begin PBXShellScriptBuildPhase section */
		A35588CB2412D8DA00DED77E /* ShellScript */ = {
			isa = PBXShellScriptBuildPhase;
			buildActionMask = 2147483647;
			files = (
			);
			inputFileListPaths = (
			);
			inputPaths = (
			);
			outputFileListPaths = (
			);
			outputPaths = (
			);
			runOnlyForDeploymentPostprocessing = 0;
			shellPath = /bin/sh;
			shellScript = "# Type a script or drag a script file from your workspace to insert its path.\nTAGS=\"TODO:|FIXME:\"\nERRORTAG=\"ERROR:\"\nfind \"${SRCROOT}\" \\( -name \"*.h\" -or -name \"*.m\" -or -name \"*.swift\" \\) -print0 | xargs -0 egrep --with-filename --line-number --only-matching \"($TAGS).*\\$|($ERRORTAG).*\\$\" | perl -p -e \"s/($TAGS)/ warning: \\$1/\" | perl -p -e \"s/($ERRORTAG)/ error: \\$1/\"\n";
		};
/* End PBXShellScriptBuildPhase section */

/* Begin PBXSourcesBuildPhase section */
		A3D07C6923F33E27000EFED7 /* Sources */ = {
			isa = PBXSourcesBuildPhase;
			buildActionMask = 2147483647;
			files = (
				A35588CF2412DAA200DED77E /* AlertController.swift in Sources */,
				A3D07C8F23F6D76C000EFED7 /* GradientButton.swift in Sources */,
				A3740472240ED45F0093C6B9 /* Constants.swift in Sources */,
				A3F50F862416BE6E00FD387B /* DetalheViewController.swift in Sources */,
				A3D07C8D23F6D76C000EFED7 /* CustomView.swift in Sources */,
				A3740481240ED5520093C6B9 /* StringExtension.swift in Sources */,
				A3740488240ED5520093C6B9 /* UIView+Shadow.swift in Sources */,
				A374047D240ED5520093C6B9 /* String+CpfCnpj.swift in Sources */,
				A3D07C8E23F6D76C000EFED7 /* AvatarView.swift in Sources */,
				A3740479240ED5520093C6B9 /* FloatExtension.swift in Sources */,
				A3740473240ED54B0093C6B9 /* UIColorExtension.swift in Sources */,
				A374047C240ED5520093C6B9 /* Sequence+Convenience.swift in Sources */,
				A37A72D423F81DE800DD6C16 /* NavigationViewController.swift in Sources */,
				A374048A240ED5520093C6B9 /* URL+WS.swift in Sources */,
				A3740489240ED5520093C6B9 /* UIView+Xib.swift in Sources */,
				A37EAC2D23FDB6C000FF0F7C /* API.swift in Sources */,
				A3740475240ED5520093C6B9 /* DataResponse+WS.swift in Sources */,
				A3E924A323FB021100AD4149 /* MainCollectionViewController.swift in Sources */,
				A3740484240ED5520093C6B9 /* UIImage+Convenience.swift in Sources */,
				A339A62624085381007970F6 /* MainHeaderView.swift in Sources */,
				A3D07C7123F33E27000EFED7 /* AppDelegate.swift in Sources */,
				A37EAC2723FDB03800FF0F7C /* JSONSchemaSupport.swift in Sources */,
				A35B7C8F24099BCB00B709DC /* Filters.swift in Sources */,
				A3398EBF2417C7BE00C3712B /* MyButton.swift in Sources */,
				A374047A240ED5520093C6B9 /* NSNotification+Convenience.swift in Sources */,
				A374047F240ED5520093C6B9 /* String+QRBarCode.swift in Sources */,
				A3E924A523FB28F500AD4149 /* ProdutoCollectionViewCell.swift in Sources */,
				A37EAC2523FDAFEC00FF0F7C /* Produto.swift in Sources */,
				A35588CA2412CB2300DED77E /* UICollectionViewExtension.swift in Sources */,
				A37EAC2B23FDB14A00FF0F7C /* Categoria.swift in Sources */,
				A37EAC2923FDB0CC00FF0F7C /* Empresa.swift in Sources */,
				A3740482240ED5520093C6B9 /* UICollectionViewCell+Animations.swift in Sources */,
				A35B7C922409A3D800B709DC /* UseLocationFilterCell.swift in Sources */,
				A374048F240ED7320093C6B9 /* KeychainItemAccessibility.swift in Sources */,
				A3740493240EDD760093C6B9 /* UIBarButtonItemExtension.swift in Sources */,
				A3740474240ED5520093C6B9 /* Array+Convenience.swift in Sources */,
				A3740487240ED5520093C6B9 /* UITapGestureRecognizer+Label.swift in Sources */,
				A3740486240ED5520093C6B9 /* UITableViewExtension.swift in Sources */,
				A3942C52241A594300AACEC7 /* String+PhoneCall.swift in Sources */,
				A3740478240ED5520093C6B9 /* DictionaryExtension.swift in Sources */,
				A3740483240ED5520093C6B9 /* UIDeviceExtension.swift in Sources */,
				A3740485240ED5520093C6B9 /* UIPickerExtension.swift in Sources */,
				A37EAC2F23FF0DE500FF0F7C /* MainResultsTableController.swift in Sources */,
				A3740490240ED7320093C6B9 /* SwiftKeychainWrapper.swift in Sources */,
				A3D07C7323F33E27000EFED7 /* SceneDelegate.swift in Sources */,
				A3D07CAB23F6D9BD000EFED7 /* GradientPoint.swift in Sources */,
				A3740477240ED5520093C6B9 /* DateExtension.swift in Sources */,
				A374047E240ED5520093C6B9 /* String+Nickname.swift in Sources */,
				A3D07C8823F5B54E000EFED7 /* SearchTableViewController.swift in Sources */,
				A3740470240ED4400093C6B9 /* WSRequestAdapter.swift in Sources */,
				A374048C240ED6E10093C6B9 /* Login.swift in Sources */,
				A3740476240ED5520093C6B9 /* Date+Formatter.swift in Sources */,
				A3740480240ED5520093C6B9 /* String+Validator.swift in Sources */,
				A35B7C8D24098F4E00B709DC /* FiltroTableViewController.swift in Sources */,
				A374047B240ED5520093C6B9 /* NSObjectExtension.swift in Sources */,
			);
			runOnlyForDeploymentPostprocessing = 0;
		};
/* End PBXSourcesBuildPhase section */

/* Begin PBXVariantGroup section */
		A3D07C7623F33E27000EFED7 /* Main.storyboard */ = {
			isa = PBXVariantGroup;
			children = (
				A3D07C7723F33E27000EFED7 /* Base */,
			);
			name = Main.storyboard;
			sourceTree = "<group>";
		};
		A3D07C7B23F33E2C000EFED7 /* LaunchScreen.storyboard */ = {
			isa = PBXVariantGroup;
			children = (
				A3D07C7C23F33E2C000EFED7 /* Base */,
			);
			name = LaunchScreen.storyboard;
			sourceTree = "<group>";
		};
/* End PBXVariantGroup section */

/* Begin XCBuildConfiguration section */
		A3D07C7F23F33E2C000EFED7 /* Debug */ = {
			isa = XCBuildConfiguration;
			buildSettings = {
				ALWAYS_SEARCH_USER_PATHS = NO;
				CLANG_ANALYZER_NONNULL = YES;
				CLANG_ANALYZER_NUMBER_OBJECT_CONVERSION = YES_AGGRESSIVE;
				CLANG_CXX_LANGUAGE_STANDARD = "gnu++14";
				CLANG_CXX_LIBRARY = "libc++";
				CLANG_ENABLE_MODULES = YES;
				CLANG_ENABLE_OBJC_ARC = YES;
				CLANG_ENABLE_OBJC_WEAK = YES;
				CLANG_WARN_BLOCK_CAPTURE_AUTORELEASING = YES;
				CLANG_WARN_BOOL_CONVERSION = YES;
				CLANG_WARN_COMMA = YES;
				CLANG_WARN_CONSTANT_CONVERSION = YES;
				CLANG_WARN_DEPRECATED_OBJC_IMPLEMENTATIONS = YES;
				CLANG_WARN_DIRECT_OBJC_ISA_USAGE = YES_ERROR;
				CLANG_WARN_DOCUMENTATION_COMMENTS = YES;
				CLANG_WARN_EMPTY_BODY = YES;
				CLANG_WARN_ENUM_CONVERSION = YES;
				CLANG_WARN_INFINITE_RECURSION = YES;
				CLANG_WARN_INT_CONVERSION = YES;
				CLANG_WARN_NON_LITERAL_NULL_CONVERSION = YES;
				CLANG_WARN_OBJC_IMPLICIT_RETAIN_SELF = YES;
				CLANG_WARN_OBJC_LITERAL_CONVERSION = YES;
				CLANG_WARN_OBJC_ROOT_CLASS = YES_ERROR;
				CLANG_WARN_RANGE_LOOP_ANALYSIS = YES;
				CLANG_WARN_STRICT_PROTOTYPES = YES;
				CLANG_WARN_SUSPICIOUS_MOVE = YES;
				CLANG_WARN_UNGUARDED_AVAILABILITY = YES_AGGRESSIVE;
				CLANG_WARN_UNREACHABLE_CODE = YES;
				CLANG_WARN__DUPLICATE_METHOD_MATCH = YES;
				COPY_PHASE_STRIP = NO;
				DEBUG_INFORMATION_FORMAT = dwarf;
				ENABLE_STRICT_OBJC_MSGSEND = YES;
				ENABLE_TESTABILITY = YES;
				GCC_C_LANGUAGE_STANDARD = gnu11;
				GCC_DYNAMIC_NO_PIC = NO;
				GCC_NO_COMMON_BLOCKS = YES;
				GCC_OPTIMIZATION_LEVEL = 0;
				GCC_PREPROCESSOR_DEFINITIONS = (
					"DEBUG=1",
					"$(inherited)",
				);
				GCC_WARN_64_TO_32_BIT_CONVERSION = YES;
				GCC_WARN_ABOUT_RETURN_TYPE = YES_ERROR;
				GCC_WARN_UNDECLARED_SELECTOR = YES;
				GCC_WARN_UNINITIALIZED_AUTOS = YES_AGGRESSIVE;
				GCC_WARN_UNUSED_FUNCTION = YES;
				GCC_WARN_UNUSED_VARIABLE = YES;
				IPHONEOS_DEPLOYMENT_TARGET = 13.2;
				MTL_ENABLE_DEBUG_INFO = INCLUDE_SOURCE;
				MTL_FAST_MATH = YES;
				ONLY_ACTIVE_ARCH = YES;
				SDKROOT = iphoneos;
				SWIFT_ACTIVE_COMPILATION_CONDITIONS = DEBUG;
				SWIFT_OPTIMIZATION_LEVEL = "-Onone";
			};
			name = Debug;
		};
		A3D07C8023F33E2C000EFED7 /* Release */ = {
			isa = XCBuildConfiguration;
			buildSettings = {
				ALWAYS_SEARCH_USER_PATHS = NO;
				CLANG_ANALYZER_NONNULL = YES;
				CLANG_ANALYZER_NUMBER_OBJECT_CONVERSION = YES_AGGRESSIVE;
				CLANG_CXX_LANGUAGE_STANDARD = "gnu++14";
				CLANG_CXX_LIBRARY = "libc++";
				CLANG_ENABLE_MODULES = YES;
				CLANG_ENABLE_OBJC_ARC = YES;
				CLANG_ENABLE_OBJC_WEAK = YES;
				CLANG_WARN_BLOCK_CAPTURE_AUTORELEASING = YES;
				CLANG_WARN_BOOL_CONVERSION = YES;
				CLANG_WARN_COMMA = YES;
				CLANG_WARN_CONSTANT_CONVERSION = YES;
				CLANG_WARN_DEPRECATED_OBJC_IMPLEMENTATIONS = YES;
				CLANG_WARN_DIRECT_OBJC_ISA_USAGE = YES_ERROR;
				CLANG_WARN_DOCUMENTATION_COMMENTS = YES;
				CLANG_WARN_EMPTY_BODY = YES;
				CLANG_WARN_ENUM_CONVERSION = YES;
				CLANG_WARN_INFINITE_RECURSION = YES;
				CLANG_WARN_INT_CONVERSION = YES;
				CLANG_WARN_NON_LITERAL_NULL_CONVERSION = YES;
				CLANG_WARN_OBJC_IMPLICIT_RETAIN_SELF = YES;
				CLANG_WARN_OBJC_LITERAL_CONVERSION = YES;
				CLANG_WARN_OBJC_ROOT_CLASS = YES_ERROR;
				CLANG_WARN_RANGE_LOOP_ANALYSIS = YES;
				CLANG_WARN_STRICT_PROTOTYPES = YES;
				CLANG_WARN_SUSPICIOUS_MOVE = YES;
				CLANG_WARN_UNGUARDED_AVAILABILITY = YES_AGGRESSIVE;
				CLANG_WARN_UNREACHABLE_CODE = YES;
				CLANG_WARN__DUPLICATE_METHOD_MATCH = YES;
				COPY_PHASE_STRIP = NO;
				DEBUG_INFORMATION_FORMAT = "dwarf-with-dsym";
				ENABLE_NS_ASSERTIONS = NO;
				ENABLE_STRICT_OBJC_MSGSEND = YES;
				GCC_C_LANGUAGE_STANDARD = gnu11;
				GCC_NO_COMMON_BLOCKS = YES;
				GCC_WARN_64_TO_32_BIT_CONVERSION = YES;
				GCC_WARN_ABOUT_RETURN_TYPE = YES_ERROR;
				GCC_WARN_UNDECLARED_SELECTOR = YES;
				GCC_WARN_UNINITIALIZED_AUTOS = YES_AGGRESSIVE;
				GCC_WARN_UNUSED_FUNCTION = YES;
				GCC_WARN_UNUSED_VARIABLE = YES;
				IPHONEOS_DEPLOYMENT_TARGET = 13.2;
				MTL_ENABLE_DEBUG_INFO = NO;
				MTL_FAST_MATH = YES;
				SDKROOT = iphoneos;
				SWIFT_COMPILATION_MODE = wholemodule;
				SWIFT_OPTIMIZATION_LEVEL = "-O";
				VALIDATE_PRODUCT = YES;
			};
			name = Release;
		};
		A3D07C8223F33E2C000EFED7 /* Debug */ = {
			isa = XCBuildConfiguration;
			buildSettings = {
				API_VERSION = v1;
				ASSETCATALOG_COMPILER_APPICON_NAME = AppIcon;
				ATS_ALLOW_ARBITRARY_LOADS = YES;
				CODE_SIGN_STYLE = Automatic;
				DEVELOPMENT_TEAM = L6W3TBRD57;
				INFOPLIST_FILE = "$(SRCROOT)/AcheAQi/Supporting Files/Info.plist";
				LD_RUNPATH_SEARCH_PATHS = (
					"$(inherited)",
					"@executable_path/Frameworks",
				);
				PRODUCT_BUNDLE_IDENTIFIER = br.com.logics.AcheAQi;
				PRODUCT_NAME = "$(TARGET_NAME)";
				SWIFT_VERSION = 5.0;
				TARGETED_DEVICE_FAMILY = "1,2";
			};
			name = Debug;
		};
		A3D07C8323F33E2C000EFED7 /* Release */ = {
			isa = XCBuildConfiguration;
			buildSettings = {
				API_VERSION = v1;
				ASSETCATALOG_COMPILER_APPICON_NAME = AppIcon;
				ATS_ALLOW_ARBITRARY_LOADS = NO;
				CODE_SIGN_STYLE = Automatic;
				DEVELOPMENT_TEAM = L6W3TBRD57;
				INFOPLIST_FILE = "$(SRCROOT)/AcheAQi/Supporting Files/Info.plist";
				LD_RUNPATH_SEARCH_PATHS = (
					"$(inherited)",
					"@executable_path/Frameworks",
				);
				PRODUCT_BUNDLE_IDENTIFIER = br.com.logics.AcheAQi;
				PRODUCT_NAME = "$(TARGET_NAME)";
				SWIFT_VERSION = 5.0;
				TARGETED_DEVICE_FAMILY = "1,2";
			};
			name = Release;
		};
/* End XCBuildConfiguration section */

/* Begin XCConfigurationList section */
		A3D07C6823F33E26000EFED7 /* Build configuration list for PBXProject "AcheAQi" */ = {
			isa = XCConfigurationList;
			buildConfigurations = (
				A3D07C7F23F33E2C000EFED7 /* Debug */,
				A3D07C8023F33E2C000EFED7 /* Release */,
			);
			defaultConfigurationIsVisible = 0;
			defaultConfigurationName = Release;
		};
		A3D07C8123F33E2C000EFED7 /* Build configuration list for PBXNativeTarget "AcheAQi" */ = {
			isa = XCConfigurationList;
			buildConfigurations = (
				A3D07C8223F33E2C000EFED7 /* Debug */,
				A3D07C8323F33E2C000EFED7 /* Release */,
			);
			defaultConfigurationIsVisible = 0;
			defaultConfigurationName = Release;
		};
/* End XCConfigurationList section */

/* Begin XCRemoteSwiftPackageReference section */
		A390986123FD7E0C0068E997 /* XCRemoteSwiftPackageReference "AlamofireImage" */ = {
			isa = XCRemoteSwiftPackageReference;
			repositoryURL = "https://github.com/Alamofire/AlamofireImage";
			requirement = {
				kind = upToNextMajorVersion;
				minimumVersion = 3.6.0;
			};
		};
		A39098A723FDA8010068E997 /* XCRemoteSwiftPackageReference "Spring" */ = {
			isa = XCRemoteSwiftPackageReference;
			repositoryURL = "https://github.com/romeugodoi/Spring";
			requirement = {
				kind = upToNextMajorVersion;
				minimumVersion = 1.0.6;
			};
		};
		A3942C4E241A478600AACEC7 /* XCRemoteSwiftPackageReference "Karte" */ = {
			isa = XCRemoteSwiftPackageReference;
			repositoryURL = "https://github.com/kiliankoe/Karte";
			requirement = {
				kind = upToNextMajorVersion;
				minimumVersion = 4.1.0;
			};
		};
		A3D07C8423F4CD0E000EFED7 /* XCRemoteSwiftPackageReference "Alamofire" */ = {
			isa = XCRemoteSwiftPackageReference;
			repositoryURL = "https://github.com/Alamofire/Alamofire";
			requirement = {
				kind = upToNextMajorVersion;
				minimumVersion = 4.9.1;
			};
		};
		A3F50F8E2416E49200FD387B /* XCRemoteSwiftPackageReference "MaterialDesignWidgetsiOSLite" */ = {
			isa = XCRemoteSwiftPackageReference;
			repositoryURL = "https://github.com/romeugodoi/MaterialDesignWidgetsiOSLite";
			requirement = {
				kind = upToNextMajorVersion;
				minimumVersion = 0.0.11;
			};
		};
/* End XCRemoteSwiftPackageReference section */

/* Begin XCSwiftPackageProductDependency section */
		A390986223FD7E0C0068E997 /* AlamofireImage */ = {
			isa = XCSwiftPackageProductDependency;
			package = A390986123FD7E0C0068E997 /* XCRemoteSwiftPackageReference "AlamofireImage" */;
			productName = AlamofireImage;
		};
		A39098A823FDA8010068E997 /* Spring */ = {
			isa = XCSwiftPackageProductDependency;
			package = A39098A723FDA8010068E997 /* XCRemoteSwiftPackageReference "Spring" */;
			productName = Spring;
		};
		A3942C4F241A478600AACEC7 /* Karte */ = {
			isa = XCSwiftPackageProductDependency;
			package = A3942C4E241A478600AACEC7 /* XCRemoteSwiftPackageReference "Karte" */;
			productName = Karte;
		};
		A3D07C8523F4CD0F000EFED7 /* Alamofire */ = {
			isa = XCSwiftPackageProductDependency;
			package = A3D07C8423F4CD0E000EFED7 /* XCRemoteSwiftPackageReference "Alamofire" */;
			productName = Alamofire;
		};
		A3F50F8F2416E49200FD387B /* MaterialDesignWidgets */ = {
			isa = XCSwiftPackageProductDependency;
			package = A3F50F8E2416E49200FD387B /* XCRemoteSwiftPackageReference "MaterialDesignWidgetsiOSLite" */;
			productName = MaterialDesignWidgets;
		};
/* End XCSwiftPackageProductDependency section */
	};
	rootObject = A3D07C6523F33E26000EFED7 /* Project object */;
}
